Microsoft Visual Studio Solution File, Format Version 12.00
# Visual Studio Version 16
VisualStudioVersion = 16.0.29215.179
MinimumVisualStudioVersion = 10.0.40219.1
Project("{8BC9CEB8-8B4A-11D0-8D11-00A0C91BC942}") = "WorktreeCli", "WorktreeCli.vcxproj", "{87B6A3C7-2E8A-4CB1-A24F-97D0C1FC870B}"
EndProject
Global
	GlobalSection(SolutionConfigurationPlatforms) = preSolution
		Debug|x64 = Debug|x64
		Release|x64 = Release|x64
	EndGlobalSection
	GlobalSection(ProjectConfigurationPlatforms) = postSolution
		{87B6A3C7-2E8A-4CB1-A24F-97D0C1FC870B}.Debug|x64.ActiveCfg = Debug|x64
		{87B6A3C7-2E8A-4CB1-A24F-97D0C1FC870B}.Debug|x64.Build.0 = Debug|x64
		{87B6A3C7-2E8A-4CB1-A24F-97D0C1FC870B}.Release|x64.ActiveCfg = Release|x64
		{87B6A3C7-2E8A-4CB1-A24F-97D0C1FC870B}.Release|x64.Build.0 = Release|x64
	EndGlobalSection
	GlobalSection(SolutionProperties) = preSolution
		HideSolutionNode = FALSE
	EndGlobalSection
	GlobalSection(ExtensibilityGlobals) = postSolution
		SolutionGuid = {3A15D15E-2CB4-44CD-9C4D-7AD6491F43D1}
	EndGlobalSection
EndGlobal
