<?xml version="1.0" encoding="utf-8"?>
<Project ToolsVersion="4.0" xmlns="http://schemas.microsoft.com/developer/msbuild/2003">
  <ItemGroup>
    <Filter Include="Engine">
      <UniqueIdentifier>{e35d3a05-faec-49a6-9f8c-a51693ff27a6}</UniqueIdentifier>
    </Filter>
    <Filter Include="Engine\File">
      <UniqueIdentifier>{3fe45fda-e682-4800-9af3-387e4a8937cc}</UniqueIdentifier>
    </Filter>
    <Filter Include="Engine\Graphics">
      <UniqueIdentifier>{2115deb9-bcc9-4206-9525-647a5bce8f06}</UniqueIdentifier>
    </Filter>
    <Filter Include="Engine\Input">
      <UniqueIdentifier>{9ffa8684-d430-4657-a59d-7e9ca35258fb}</UniqueIdentifier>
    </Filter>
    <Filter Include="Engine\Network">
      <UniqueIdentifier>{d3e4f5a6-b7c8-9012-def0-345678901bcd}</UniqueIdentifier>
    </Filter>
    <Filter Include="Engine\Network\Server">
      <UniqueIdentifier>{50819ad8-bb36-4812-9614-0b7d05e0989e}</UniqueIdentifier>
    </Filter>
    <Filter Include="Engine\Profile">
      <UniqueIdentifier>{f7eaddd7-9069-4260-9d92-e4c38d010ec4}</UniqueIdentifier>
    </Filter>
    <Filter Include="Engine\Graphics\Render">
      <UniqueIdentifier>{a1b2c3d4-e5f6-7890-abcd-ef1234567891}</UniqueIdentifier>
    </Filter>
    <Filter Include="Game">
      <UniqueIdentifier>{a470bb84-b6ed-4e31-b3ff-6414dfd76133}</UniqueIdentifier>
    </Filter>
    <Filter Include="Game\Network">
      <UniqueIdentifier>{c5d6e7f8-a9b0-1234-5678-9abcdef01234}</UniqueIdentifier>
    </Filter>
    <Filter Include="Game\Network\Client">
      <UniqueIdentifier>{e80e1f00-b3a2-40fe-9df3-809396ba29bd}</UniqueIdentifier>
    </Filter>
    <Filter Include="Game\Network\Server">
      <UniqueIdentifier>{0089e6d6-1e73-45d5-8ba3-156da330284f}</UniqueIdentifier>
    </Filter>
    <Filter Include="Common">
      <UniqueIdentifier>{e1fb165c-2138-41cf-ad28-2ff6586ba2c4}</UniqueIdentifier>
    </Filter>
    <Filter Include="Engine\Ui">
      <UniqueIdentifier>{487b4166-02bb-4e13-9a24-61c4b80f1d1b}</UniqueIdentifier>
    </Filter>
    <Filter Include="Engine\Memory">
      <UniqueIdentifier>{a1b2c3d4-e5f6-7890-abcd-ef1234567890}</UniqueIdentifier>
    </Filter>
    <Filter Include="Engine\Server">
      <UniqueIdentifier>{c2d3e4f5-a6b7-8901-cdef-234567890abc}</UniqueIdentifier>
    </Filter>
    <Filter Include="Game\Frame">
      <UniqueIdentifier>{0bce964a-aa76-4e39-b2da-686fc91624a0}</UniqueIdentifier>
    </Filter>
    <Filter Include="Game\Frame\Collections">
      <UniqueIdentifier>{40783aaa-8ca0-45d5-bf06-250f0047f845}</UniqueIdentifier>
    </Filter>
    <Filter Include="Game\Frame\Collections\Players">
      <UniqueIdentifier>{a1b2c3d4-5678-9abc-def0-123456789abc}</UniqueIdentifier>
    </Filter>
    <Filter Include="Game\Frame\Collections\Missiles">
      <UniqueIdentifier>{c3d4e5f6-7890-abcd-ef01-345678901234}</UniqueIdentifier>
    </Filter>
    <Filter Include="Game\Frame\Collections\Targets">
      <UniqueIdentifier>{b2c3d4e5-6789-abcd-ef01-23456789abcd}</UniqueIdentifier>
    </Filter>
    <Filter Include="Game\Frame\Collections\Spaceships">
      <UniqueIdentifier>{d4e5f6a7-8901-bcde-f012-456789012345}</UniqueIdentifier>
    </Filter>
    <Filter Include="Game\Ui">
      <UniqueIdentifier>{fd1606d0-4688-43e7-96d0-0a61e35fefab}</UniqueIdentifier>
    </Filter>
    <Filter Include="Engine\Frame">
      <UniqueIdentifier>{66d8aaa9-9df9-4075-9ccb-b159475dd6b8}</UniqueIdentifier>
    </Filter>
    <Filter Include="Engine\Frame\Collections">
      <UniqueIdentifier>{b74fae5c-9fee-44f4-bc5d-a1c3131c4cdb}</UniqueIdentifier>
    </Filter>
    <Filter Include="Engine\Frame\Collections\SmokeTrails">
      <UniqueIdentifier>{a3c7e1f2-5d8b-4a9e-b6c4-2f1e8d3a7b5c}</UniqueIdentifier>
    </Filter>
    <Filter Include="Engine\Frame\Collections\WindRadials">
      <UniqueIdentifier>{d4e8f2a1-7b3c-4d9e-a5f6-8c2d1e9b4a7f}</UniqueIdentifier>
    </Filter>
    <Filter Include="Engine\Frame\Collections\WindTrails">
      <UniqueIdentifier>{d4e5f6a7-8b9c-0d1e-2f3a-4b5c6d7e8f90}</UniqueIdentifier>
    </Filter>
    <Filter Include="Game\Frame\Collections\Blasters">
      <UniqueIdentifier>{e5f6a7b8-9012-cdef-0123-456789abcdef}</UniqueIdentifier>
    </Filter>
    <Filter Include="Engine\Frame\Collections\AreaLights">
      <UniqueIdentifier>{a1b2c3d4-e5f6-7891-abcd-ef0123456789}</UniqueIdentifier>
    </Filter>
    <Filter Include="Engine\Frame\Collections\Billboards">
      <UniqueIdentifier>{b2c3d4e5-f6a7-8902-bcde-f01234567890}</UniqueIdentifier>
    </Filter>
    <Filter Include="Engine\Frame\Collections\Explosions">
      <UniqueIdentifier>{c3d4e5f6-a7b8-9013-cdef-012345678901}</UniqueIdentifier>
    </Filter>
    <Filter Include="Engine\Frame\Collections\HexShields">
      <UniqueIdentifier>{d4e5f6a7-b8c9-0124-def0-123456789012}</UniqueIdentifier>
    </Filter>
    <Filter Include="Engine\Frame\Collections\PointLights">
      <UniqueIdentifier>{e5f6a7b8-c9d0-1235-ef01-234567890123}</UniqueIdentifier>
    </Filter>
    <Filter Include="Engine\Frame\Collections\Puffs">
      <UniqueIdentifier>{f6a7b8c9-d0e1-2346-f012-345678901234}</UniqueIdentifier>
    </Filter>
    <Filter Include="Engine\Frame\Collections\Pushers">
      <UniqueIdentifier>{a7b8c9d0-e1f2-3457-0123-456789012345}</UniqueIdentifier>
    </Filter>
    <Filter Include="Engine\Frame\Collections\Sounds">
      <UniqueIdentifier>{b8c9d0e1-f2a3-4568-1234-567890123456}</UniqueIdentifier>
    </Filter>
    <Filter Include="Game\Profile">
      <UniqueIdentifier>{b749dd10-dfa4-47bf-9eca-5cd238b25df3}</UniqueIdentifier>
    </Filter>
    <Filter Include="Game\Input">
      <UniqueIdentifier>{613c3aa5-c7c0-4ad0-b2a4-6523cc0097ff}</UniqueIdentifier>
    </Filter>
    <Filter Include="DataFiles">
      <UniqueIdentifier>{e3cac6bc-4d0e-4867-af72-ef6f468edce5}</UniqueIdentifier>
    </Filter>
    <Filter Include="Engine\Ui\Screens">
      <UniqueIdentifier>{fbbb7c04-30bf-4a1f-aec6-6a4e95b1ac4c}</UniqueIdentifier>
    </Filter>
    <Filter Include="Game\Ui\Screens">
      <UniqueIdentifier>{212658d4-68e3-46eb-b66e-07fd431eb65e}</UniqueIdentifier>
    </Filter>
  </ItemGroup>
  <ItemGroup>
    <ClInclude Include="..\..\..\..\Engine\Source\File\FileManager.h">
      <Filter>Engine\File</Filter>
    </ClInclude>
    <ClInclude Include="..\..\..\..\Engine\Source\File\DifferenceStream.h">
      <Filter>Engine\File</Filter>
    </ClInclude>
    <ClInclude Include="..\..\Source\Game.h">
      <Filter>Game</Filter>
    </ClInclude>
    <ClInclude Include="..\..\Source\Network\PlayerEvents.h">
      <Filter>Game\Network</Filter>
    </ClInclude>
    <ClInclude Include="..\..\Source\Network\Server\ServerSession.h">
      <Filter>Game\Network\Server</Filter>
    </ClInclude>
    <ClInclude Include="..\..\Source\Network\Server\ServerFleetManager.h">
      <Filter>Game\Network\Server</Filter>
    </ClInclude>
    <ClInclude Include="..\..\Source\Network\Server\ServerFleetManagerUtils.h">
      <Filter>Game\Network\Server</Filter>
    </ClInclude>
    <ClInclude Include="..\..\Source\Network\Server\FleetNavigationController.h">
      <Filter>Game\Network\Server</Filter>
    </ClInclude>
    <ClInclude Include="..\..\Source\Network\Server\ServerTransferManager.h">
      <Filter>Game\Network\Server</Filter>
    </ClInclude>
    <ClInclude Include="..\..\Source\Network\Server\ServerBroadcaster.h">
      <Filter>Game\Network\Server</Filter>
    </ClInclude>
    <ClInclude Include="..\..\Source\Network\Server\ServerClientManager.h">
      <Filter>Game\Network\Server</Filter>
    </ClInclude>
    <ClInclude Include="..\..\Source\Network\GamePacketType.h">
      <Filter>Game\Network</Filter>
    </ClInclude>
    <ClInclude Include="..\..\..\..\Engine\Source\Network\Server\ServerSessionBase.h">
      <Filter>Engine\Network\Server</Filter>
    </ClInclude>
    <ClInclude Include="..\..\..\..\Engine\Source\Network\NetworkCursor.h">
      <Filter>Engine\Network</Filter>
    </ClInclude>
    <ClInclude Include="..\..\..\..\Engine\Source\Network\NetworkDiscoveryResponder.h">
      <Filter>Engine\Network</Filter>
    </ClInclude>
    <ClInclude Include="..\..\..\..\Engine\Source\Network\NetworkManager.h">
      <Filter>Engine\Network</Filter>
    </ClInclude>
    <ClInclude Include="..\..\..\..\Engine\Source\Network\NetworkProtocol.h">
      <Filter>Engine\Network</Filter>
    </ClInclude>
    <ClInclude Include="..\..\..\..\Engine\Source\Network\NetworkSerialization.h">
      <Filter>Engine\Network</Filter>
    </ClInclude>
    <ClInclude Include="..\..\..\..\Engine\Source\Network\NetworkSimulation.h">
      <Filter>Engine\Network</Filter>
    </ClInclude>
    <ClInclude Include="..\..\..\..\Engine\Source\Network\Server\Server.h">
      <Filter>Engine\Network\Server</Filter>
    </ClInclude>
    <ClInclude Include="..\..\..\..\Engine\Source\Network\Server\ServerTypes.h">
      <Filter>Engine\Network\Server</Filter>
    </ClInclude>
    <ClInclude Include="..\..\..\..\Engine\Source\Profile\ProfileManagerBase.h">
      <Filter>Engine\Profile</Filter>
    </ClInclude>
    <ClInclude Include="..\..\Source\Profile\ProfileManager.h">
      <Filter>Game\Profile</Filter>
    </ClInclude>
    <ClInclude Include="..\..\..\..\Common\Common.h">
      <Filter>Common</Filter>
    </ClInclude>
    <ClInclude Include="..\..\..\..\Common\DataFile.h">
      <Filter>Common</Filter>
    </ClInclude>
    <ClInclude Include="..\..\..\..\Common\ExternalHeaders.h">
      <Filter>Common</Filter>
    </ClInclude>
    <ClInclude Include="..\..\..\..\Common\Flags.h">
      <Filter>Common</Filter>
    </ClInclude>
    <ClInclude Include="..\..\..\..\Common\Log.h">
      <Filter>Common</Filter>
    </ClInclude>
    <ClInclude Include="..\..\..\..\Common\LogTypes.h">
      <Filter>Common</Filter>
    </ClInclude>
    <ClInclude Include="..\..\..\..\Common\Multithreading.h">
      <Filter>Common</Filter>
    </ClInclude>
    <ClInclude Include="..\..\..\..\Common\PersistentWorker.h">
      <Filter>Common</Filter>
    </ClInclude>
    <ClInclude Include="..\..\..\..\Common\MathUtils.h">
      <Filter>Common</Filter>
    </ClInclude>
    <ClInclude Include="..\..\..\..\Common\Random.h">
      <Filter>Common</Filter>
    </ClInclude>
    <ClInclude Include="..\..\..\..\Common\ScopedLambda.h">
      <Filter>Common</Filter>
    </ClInclude>
    <ClInclude Include="..\..\..\..\Common\Smoothed.h">
      <Filter>Common</Filter>
    </ClInclude>
    <ClInclude Include="..\..\..\..\Common\Workbuffer.h">
      <Filter>Common</Filter>
    </ClInclude>
    <ClInclude Include="..\..\..\..\Common\ThreadLocal.h">
      <Filter>Common</Filter>
    </ClInclude>
    <ClInclude Include="..\..\..\..\Common\Timer.h">
      <Filter>Common</Filter>
    </ClInclude>
    <ClInclude Include="..\..\..\..\Common\Utils.h">
      <Filter>Common</Filter>
    </ClInclude>
    <ClInclude Include="..\..\..\..\Common\DiagnosticLog.h">
      <Filter>Common</Filter>
    </ClInclude>
    <ClInclude Include="..\..\..\..\Common\WindowsUtils.h">
      <Filter>Common</Filter>
    </ClInclude>
    <ClInclude Include="..\..\..\..\Common\StackWalker.h">
      <Filter>Common</Filter>
    </ClInclude>
    <ClInclude Include="..\..\..\..\Engine\Source\Ui\NetworkUiControl.h">
      <Filter>Engine\Ui</Filter>
    </ClInclude>
    <ClInclude Include="..\..\..\..\Engine\Source\Ui\WrapperBase.h">
      <Filter>Engine\Ui</Filter>
    </ClInclude>
    <ClInclude Include="..\..\Source\Frame\Frame.h">
      <Filter>Game\Frame</Filter>
    </ClInclude>
    <ClInclude Include="..\..\Source\Frame\FrameTick.h">
      <Filter>Game\Frame</Filter>
    </ClInclude>
    <ClInclude Include="..\..\Source\Frame\TerrainUtils.h">
      <Filter>Game\Frame</Filter>
    </ClInclude>
    <ClInclude Include="..\..\Source\Frame\FrameCollections.h">
      <Filter>Game\Frame</Filter>
    </ClInclude>
    <ClInclude Include="..\..\Source\Ui\Localization.h">
      <Filter>Game\Ui</Filter>
    </ClInclude>
    <ClInclude Include="..\..\Source\Frame\Collections\Players\Players.h">
      <Filter>Game\Frame\Collections\Players</Filter>
    </ClInclude>
    <ClInclude Include="..\..\Source\Frame\Collections\Spaceships\Spaceships.h">
      <Filter>Game\Frame\Collections\Spaceships</Filter>
    </ClInclude>
    <ClInclude Include="..\..\Source\Ui\ParticleWrappers.h">
      <Filter>Game\Ui</Filter>
    </ClInclude>
    <ClInclude Include="..\..\Source\Ui\Wrapper.h">
      <Filter>Game\Ui</Filter>
    </ClInclude>
    <ClInclude Include="..\..\..\..\Common\LogDifference.h">
      <Filter>Common</Filter>
    </ClInclude>
    <ClInclude Include="..\..\..\..\Common\LogFormatters.h">
      <Filter>Common</Filter>
    </ClInclude>
    <ClInclude Include="..\..\Source\Pch.h">
      <Filter>Game</Filter>
    </ClInclude>
    <ClInclude Include="..\..\Source\Frame\Collections\Missiles\Missiles.h">
      <Filter>Game\Frame\Collections\Missiles</Filter>
    </ClInclude>
    <ClInclude Include="..\..\Source\Frame\Collections\Blasters\Blasters.h">
      <Filter>Game\Frame\Collections\Blasters</Filter>
    </ClInclude>
    <ClInclude Include="..\..\..\..\Engine\Source\Memory\MemoryManager.h">
      <Filter>Engine\Memory</Filter>
    </ClInclude>
    <ClInclude Include="..\..\..\..\Engine\Source\CrashReport.h">
      <Filter>Engine</Filter>
    </ClInclude>
    <ClInclude Include="..\..\..\..\Engine\Source\Engine.h">
      <Filter>Engine</Filter>
    </ClInclude>
    <ClInclude Include="..\..\..\..\Engine\Source\GameBase.h">
      <Filter>Engine</Filter>
    </ClInclude>
    <ClInclude Include="..\..\..\..\Engine\Source\GameSaveLoad.h">
      <Filter>Engine</Filter>
    </ClInclude>
    <ClInclude Include="..\..\..\..\Engine\Source\Frame\Collections\Collection.h">
      <Filter>Engine\Frame\Collections</Filter>
    </ClInclude>
    <ClInclude Include="..\..\..\..\Engine\Source\Frame\Collections\CollectionMemory.h">
      <Filter>Engine\Frame\Collections</Filter>
    </ClInclude>
    <ClInclude Include="..\..\..\..\Engine\Source\Frame\FrameBase.h">
      <Filter>Engine\Frame</Filter>
    </ClInclude>
    <ClInclude Include="..\..\..\..\Engine\Source\Frame\FrameStaticData.h">
      <Filter>Engine\Frame</Filter>
    </ClInclude>
    <ClInclude Include="..\..\..\..\Engine\Source\Frame\IslandTerrain.h">
      <Filter>Engine\Frame</Filter>
    </ClInclude>
    <ClInclude Include="..\..\..\..\Engine\Source\Frame\NavBuild.h">
      <Filter>Engine\Frame</Filter>
    </ClInclude>
    <ClInclude Include="..\..\..\..\Engine\Source\Frame\NavQuery.h">
      <Filter>Engine\Frame</Filter>
    </ClInclude>
    <ClInclude Include="..\..\..\..\Engine\Source\Frame\GridCoord.h">
      <Filter>Engine\Frame</Filter>
    </ClInclude>
    <ClInclude Include="..\..\Source\Frame\HealthDamage.h">
      <Filter>Game\Frame</Filter>
    </ClInclude>
    <ClInclude Include="..\..\Source\Frame\StatusChange.h">
      <Filter>Game\Frame</Filter>
    </ClInclude>
    <ClInclude Include="..\..\Source\Input\Input.h">
      <Filter>Game\Input</Filter>
    </ClInclude>
    <ClInclude Include="Output\Data\Texture.h">
      <Filter>DataFiles</Filter>
    </ClInclude>
    <ClInclude Include="Output\Data\Audio.h">
      <Filter>DataFiles</Filter>
    </ClInclude>
    <ClInclude Include="Output\Data\Font.h">
      <Filter>DataFiles</Filter>
    </ClInclude>
    <ClInclude Include="Output\Data\Scene.h">
      <Filter>DataFiles</Filter>
    </ClInclude>
    <ClInclude Include="Output\Data\Islands.h">
      <Filter>DataFiles</Filter>
    </ClInclude>
    <ClInclude Include="Output\Data\Model.h">
      <Filter>DataFiles</Filter>
    </ClInclude>
    <ClInclude Include="Output\Data\Data.h">
      <Filter>DataFiles</Filter>
    </ClInclude>
    <ClInclude Include="..\..\..\..\Engine\Source\Frame\TimeStep.h">
      <Filter>Engine\Frame</Filter>
    </ClInclude>
    <ClInclude Include="..\..\..\..\Engine\Source\Frame\AreaDamage.h">
      <Filter>Engine\Frame</Filter>
    </ClInclude>
    <ClInclude Include="..\..\..\..\Engine\Source\Frame\Collision.h">
      <Filter>Engine\Frame</Filter>
    </ClInclude>
    <ClInclude Include="..\..\..\..\Engine\Source\Frame\Collections\Explosions\Explosions.h">
      <Filter>Engine\Frame\Collections\Explosions</Filter>
    </ClInclude>
    <ClInclude Include="..\..\Source\Frame\Collections\Targets\Targets.h">
      <Filter>Game\Frame\Collections\Targets</Filter>
    </ClInclude>
    <ClInclude Include="..\..\..\..\Engine\Source\Frame\Collections\Pushers\Pushers.h">
      <Filter>Engine\Frame\Collections\Pushers</Filter>
    </ClInclude>
    <ClInclude Include="..\..\Source\Ui\Screens\DeathMenuScreen.h">
      <Filter>Game\Ui\Screens</Filter>
    </ClInclude>
    <ClInclude Include="..\..\Source\Ui\Screens\MenuUtils.h">
      <Filter>Game\Ui\Screens</Filter>
    </ClInclude>
    <ClInclude Include="..\..\..\..\Engine\Source\Frame\Alignments.h">
      <Filter>Engine\Frame</Filter>
    </ClInclude>
    <ClInclude Include="..\..\..\..\Common\ErrorUtils.h">
      <Filter>Common</Filter>
    </ClInclude>
    <ClInclude Include="..\..\..\..\Engine\Source\Frame\TerrainUtils.h">
      <Filter>Engine\Frame</Filter>
    </ClInclude>
    <ClInclude Include="..\..\..\..\Engine\Source\Server\ServerDisplay.h">
      <Filter>Engine\Server</Filter>
    </ClInclude>
  </ItemGroup>
  <ItemGroup>
    <ClCompile Include="..\..\..\..\Engine\Source\File\FileManager.cpp">
      <Filter>Engine\File</Filter>
    </ClCompile>
    <ClCompile Include="..\..\Source\Game.cpp">
      <Filter>Game</Filter>
    </ClCompile>
    <ClCompile Include="..\..\Source\Network\PlayerEvents.cpp">
      <Filter>Game\Network</Filter>
    </ClCompile>
    <ClCompile Include="..\..\Source\Network\Server\ServerSession.cpp">
      <Filter>Game\Network\Server</Filter>
    </ClCompile>
    <ClCompile Include="..\..\Source\Network\Server\ServerFleetManager.cpp">
      <Filter>Game\Network\Server</Filter>
    </ClCompile>
    <ClCompile Include="..\..\Source\Network\Server\ServerFleetManagerUtils.cpp">
      <Filter>Game\Network\Server</Filter>
    </ClCompile>
    <ClCompile Include="..\..\Source\Network\Server\FleetNavigationController.cpp">
      <Filter>Game\Network\Server</Filter>
    </ClCompile>
    <ClCompile Include="..\..\Source\Network\Server\ServerTransferManager.cpp">
      <Filter>Game\Network\Server</Filter>
    </ClCompile>
    <ClCompile Include="..\..\Source\Network\Server\ServerBroadcaster.cpp">
      <Filter>Game\Network\Server</Filter>
    </ClCompile>
    <ClCompile Include="..\..\Source\Network\Server\ServerClientManager.cpp">
      <Filter>Game\Network\Server</Filter>
    </ClCompile>
    <ClCompile Include="..\..\..\..\Engine\Source\Pch.cpp">
      <Filter>Engine</Filter>
    </ClCompile>
    <ClCompile Include="..\..\..\..\Engine\Source\Network\NetworkDiscoveryResponder.cpp">
      <Filter>Engine\Network</Filter>
    </ClCompile>
    <ClCompile Include="..\..\..\..\Engine\Source\Network\NetworkManager.cpp">
      <Filter>Engine\Network</Filter>
    </ClCompile>
    <ClCompile Include="..\..\Source\Network\NetworkSerialization.cpp">
      <Filter>Game\Network</Filter>
    </ClCompile>
    <ClCompile Include="..\..\..\..\Engine\Source\Network\Server\Server.cpp">
      <Filter>Engine\Network\Server</Filter>
    </ClCompile>
    <ClCompile Include="..\..\..\..\Engine\Source\Network\Server\ServerReceive.cpp">
      <Filter>Engine\Network\Server</Filter>
    </ClCompile>
    <ClCompile Include="..\..\..\..\Engine\Source\Network\Server\ServerSend.cpp">
      <Filter>Engine\Network\Server</Filter>
    </ClCompile>
    <ClCompile Include="..\..\..\..\Engine\Source\Network\Server\ServerSessionBase.cpp">
      <Filter>Engine\Network\Server</Filter>
    </ClCompile>
    <ClCompile Include="..\..\..\..\Engine\Source\CrashReport.cpp">
      <Filter>Engine</Filter>
    </ClCompile>
    <ClCompile Include="..\..\..\..\Engine\Source\Main.cpp">
      <Filter>Engine</Filter>
    </ClCompile>
    <ClCompile Include="..\..\..\..\Engine\Source\Profile\ProfileManagerBase.cpp">
      <Filter>Engine\Profile</Filter>
    </ClCompile>
    <ClCompile Include="..\..\..\..\Engine\Source\Profile\ProfileScreens.cpp">
      <Filter>Engine\Profile</Filter>
    </ClCompile>
    <ClCompile Include="..\..\Source\Profile\ProfileManager.cpp">
      <Filter>Game\Profile</Filter>
    </ClCompile>
    <ClCompile Include="..\..\..\..\Common\ErrorUtils.cpp">
      <Filter>Common</Filter>
    </ClCompile>
    <ClCompile Include="..\..\..\..\Common\Workbuffer.cpp">
      <Filter>Common</Filter>
    </ClCompile>
    <ClCompile Include="..\..\..\..\Common\ThreadLocal.cpp">
      <Filter>Common</Filter>
    </ClCompile>
    <ClCompile Include="..\..\..\..\Common\Utils.cpp">
      <Filter>Common</Filter>
    </ClCompile>
    <ClCompile Include="..\..\..\..\Common\WindowsUtils.cpp">
      <Filter>Common</Filter>
    </ClCompile>
    <ClCompile Include="..\..\..\..\Common\Multithreading.cpp">
      <Filter>Common</Filter>
    </ClCompile>
    <ClCompile Include="..\..\..\..\Common\PersistentWorker.cpp">
      <Filter>Common</Filter>
    </ClCompile>
    <ClCompile Include="..\..\..\..\Common\Random.cpp">
      <Filter>Common</Filter>
    </ClCompile>
    <ClCompile Include="..\..\..\..\Common\DiagnosticLog.cpp">
      <Filter>Common</Filter>
    </ClCompile>
    <ClCompile Include="..\..\..\..\Common\Log.cpp">
      <Filter>Common</Filter>
    </ClCompile>
    <ClCompile Include="..\..\..\..\Common\Smoothed.cpp">
      <Filter>Common</Filter>
    </ClCompile>
    <ClCompile Include="..\..\Source\Frame\Frame.cpp">
      <Filter>Game\Frame</Filter>
    </ClCompile>
    <ClCompile Include="..\..\Source\Frame\FrameTick.cpp">
      <Filter>Game\Frame</Filter>
    </ClCompile>
    <ClCompile Include="..\..\Source\Frame\TerrainUtils.cpp">
      <Filter>Game\Frame</Filter>
    </ClCompile>
    <ClCompile Include="..\..\..\..\Common\MathUtils.cpp">
      <Filter>Common</Filter>
    </ClCompile>
    <ClCompile Include="..\..\Source\Frame\Collections\Players\Players.cpp">
      <Filter>Game\Frame\Collections\Players</Filter>
    </ClCompile>
    <ClCompile Include="..\..\Source\Frame\Collections\Players\PlayersNavigation.cpp">
      <Filter>Game\Frame\Collections\Players</Filter>
    </ClCompile>
    <ClCompile Include="..\..\Source\Frame\Collections\Players\PlayersCombat.cpp">
      <Filter>Game\Frame\Collections\Players</Filter>
    </ClCompile>
    <ClCompile Include="..\..\Source\Frame\Collections\Spaceships\Spaceships.cpp">
      <Filter>Game\Frame\Collections\Spaceships</Filter>
    </ClCompile>
    <ClCompile Include="..\..\Source\Frame\Collections\Spaceships\SpaceshipsCombat.cpp">
      <Filter>Game\Frame\Collections\Spaceships</Filter>
    </ClCompile>
    <ClCompile Include="..\..\Source\Frame\Collections\Spaceships\SpaceshipsNavigation.cpp">
      <Filter>Game\Frame\Collections\Spaceships</Filter>
    </ClCompile>
    <ClCompile Include="..\..\Source\Frame\Collections\Missiles\Missiles.cpp">
      <Filter>Game\Frame\Collections\Missiles</Filter>
    </ClCompile>
    <ClCompile Include="..\..\Source\Frame\Collections\Missiles\MissilesUpdate.cpp">
      <Filter>Game\Frame\Collections\Missiles</Filter>
    </ClCompile>
    <ClCompile Include="..\..\Source\Frame\Collections\Blasters\Blasters.cpp">
      <Filter>Game\Frame\Collections\Blasters</Filter>
    </ClCompile>
    <ClCompile Include="..\..\Source\Frame\Collections\Blasters\BlastersUpdate.cpp">
      <Filter>Game\Frame\Collections\Blasters</Filter>
    </ClCompile>
    <ClCompile Include="..\..\..\..\Engine\Source\Memory\MemoryManager.cpp">
      <Filter>Engine\Memory</Filter>
    </ClCompile>
    <ClCompile Include="..\..\..\..\Engine\Source\GameBase.cpp">
      <Filter>Engine</Filter>
    </ClCompile>
    <ClCompile Include="..\..\..\..\Engine\Source\GameSaveLoad.cpp">
      <Filter>Engine</Filter>
    </ClCompile>
    <ClCompile Include="..\..\..\..\Engine\Source\Frame\FrameBase.cpp">
      <Filter>Engine\Frame</Filter>
    </ClCompile>
    <ClCompile Include="..\..\..\..\Engine\Source\Frame\FrameStaticData.cpp">
      <Filter>Engine\Frame</Filter>
    </ClCompile>
    <ClCompile Include="..\..\..\..\Engine\Source\Frame\IslandTerrain.cpp">
      <Filter>Engine\Frame</Filter>
    </ClCompile>
    <ClCompile Include="..\..\..\..\Engine\Source\Frame\NavBuild.cpp">
      <Filter>Engine\Frame</Filter>
    </ClCompile>
    <ClCompile Include="..\..\..\..\Engine\Source\Frame\NavQuery.cpp">
      <Filter>Engine\Frame</Filter>
    </ClCompile>
    <ClCompile Include="..\..\Source\Input\Input.cpp">
      <Filter>Game\Input</Filter>
    </ClCompile>
    <ClCompile Include="..\..\..\..\Engine\Source\Frame\TimeStep.cpp">
      <Filter>Engine\Frame</Filter>
    </ClCompile>
    <ClCompile Include="..\..\..\..\Engine\Source\Frame\AreaDamage.cpp">
      <Filter>Engine\Frame</Filter>
    </ClCompile>
    <ClCompile Include="..\..\..\..\Engine\Source\Frame\Collision.cpp">
      <Filter>Engine\Frame</Filter>
    </ClCompile>
    <ClCompile Include="..\..\..\..\Engine\Source\Frame\Collections\Explosions\Explosions.cpp">
      <Filter>Engine\Frame\Collections\Explosions</Filter>
    </ClCompile>
    <ClCompile Include="..\..\..\..\Engine\Source\Frame\Collections\Explosions\ExplosionsSpawn.cpp">
      <Filter>Engine\Frame\Collections\Explosions</Filter>
    </ClCompile>
    <ClCompile Include="..\..\..\..\Engine\Source\Frame\Collections\Explosions\ExplosionsUpdate.cpp">
      <Filter>Engine\Frame\Collections\Explosions</Filter>
    </ClCompile>
    <ClCompile Include="..\..\Source\Frame\Collections\Targets\Targets.cpp">
      <Filter>Game\Frame\Collections\Targets</Filter>
    </ClCompile>
    <ClCompile Include="..\..\Source\Frame\Collections\Targets\TargetsUpdate.cpp">
      <Filter>Game\Frame\Collections\Targets</Filter>
    </ClCompile>
    <ClCompile Include="..\..\..\..\Engine\Source\Frame\Collections\Pushers\Pushers.cpp">
      <Filter>Engine\Frame\Collections\Pushers</Filter>
    </ClCompile>
    <ClCompile Include="..\..\..\..\Engine\Source\Frame\Collections\Pushers\PushersUpdate.cpp">
      <Filter>Engine\Frame\Collections\Pushers</Filter>
    </ClCompile>

    <ClCompile Include="..\..\..\..\Engine\Source\Ui\WrapperBase.cpp">
      <Filter>Engine\Ui</Filter>
    </ClCompile>
    <ClCompile Include="..\..\Source\Ui\Screens\DeathMenuScreen.cpp">
      <Filter>Game\Ui\Screens</Filter>
    </ClCompile>
    <ClCompile Include="..\..\Source\Ui\Screens\MenuUtils.cpp">
      <Filter>Game\Ui\Screens</Filter>
    </ClCompile>
    <ClCompile Include="..\..\Source\Ui\Wrapper.cpp">
      <Filter>Game\Ui</Filter>
    </ClCompile>
    <ClCompile Include="..\..\Source\Ui\ParticleWrappers.cpp">
      <Filter>Game\Ui</Filter>
    </ClCompile>
    <ClCompile Include="..\..\..\..\Engine\Source\Frame\Alignments.cpp">
      <Filter>Engine\Frame</Filter>
    </ClCompile>
    <ClCompile Include="..\..\..\..\Engine\Source\Server\ServerDisplay.cpp">
      <Filter>Engine\Server</Filter>
    </ClCompile>
  </ItemGroup>
</Project>