<?xml version="1.0" encoding="utf-8"?>
<Project ToolsVersion="4.0" xmlns="http://schemas.microsoft.com/developer/msbuild/2003">
  <ItemGroup>
    <Filter Include="AgentCli">
      <UniqueIdentifier>{EF5649C1-00B7-4214-BE92-BA4E44FF5E29}</UniqueIdentifier>
    </Filter>
  </ItemGroup>
  <ItemGroup>
    <ClCompile Include="..\..\AgentCli.cpp">
      <Filter>AgentCli</Filter>
    </ClCompile>
    <ClCompile Include="..\..\AgentCliCommon.cpp">
      <Filter>AgentCli</Filter>
    </ClCompile>
    <ClCompile Include="..\..\BuildCommand.cpp">
      <Filter>AgentCli</Filter>
    </ClCompile>
    <ClCompile Include="..\..\CoordinationStore.cpp">
      <Filter>AgentCli</Filter>
    </ClCompile>
    <ClCompile Include="..\..\LandingLockLifecycle.cpp">
      <Filter>AgentCli</Filter>
    </ClCompile>
    <ClCompile Include="..\..\LockCommands.cpp">
      <Filter>AgentCli</Filter>
    </ClCompile>
    <ClCompile Include="..\..\PlanCommands.cpp">
      <Filter>AgentCli</Filter>
    </ClCompile>
    <ClCompile Include="..\..\PlanOrderCommands.cpp">
      <Filter>AgentCli</Filter>
    </ClCompile>
  </ItemGroup>
  <ItemGroup>
    <ClInclude Include="..\..\AgentCliCommon.h">
      <Filter>AgentCli</Filter>
    </ClInclude>
    <ClInclude Include="..\..\BuildCommand.h">
      <Filter>AgentCli</Filter>
    </ClInclude>
    <ClInclude Include="..\..\CoordinationStore.h">
      <Filter>AgentCli</Filter>
    </ClInclude>
    <ClInclude Include="..\..\LandingLockLifecycle.h">
      <Filter>AgentCli</Filter>
    </ClInclude>
    <ClInclude Include="..\..\LockCommands.h">
      <Filter>AgentCli</Filter>
    </ClInclude>
    <ClInclude Include="..\..\PlanCommands.h">
      <Filter>AgentCli</Filter>
    </ClInclude>
    <ClInclude Include="..\..\PlanOrderCommands.h">
      <Filter>AgentCli</Filter>
    </ClInclude>
  </ItemGroup>
</Project>
